{
  "name": "songmood",
  "version": "1.0.0",
  "lockfileVersion": 1,
  "requires": true,
  "dependencies": {
    "@tensorflow/tfjs": {
      "version": "1.5.2",
      "resolved": "https://registry.npmjs.org/@tensorflow/tfjs/-/tfjs-1.5.2.tgz",
      "integrity": "sha512-BCvcbnkE/zMdORIGE7TFAiJU3zLLVUaRv/HyWucVVyHU40oU4L5mGyRXK6RwqU38KmeK3HSI5rUHop4cLNUaRQ==",
      "requires": {
        "@tensorflow/tfjs-converter": "1.5.2",
        "@tensorflow/tfjs-core": "1.5.2",
        "@tensorflow/tfjs-data": "1.5.2",
        "@tensorflow/tfjs-layers": "1.5.2"
      }
    },
    "@tensorflow/tfjs-converter": {
      "version": "1.5.2",
      "resolved": "https://registry.npmjs.org/@tensorflow/tfjs-converter/-/tfjs-converter-1.5.2.tgz",
      "integrity": "sha1-7BNz9CExO9xqrEbVV43rWOUJPow="
    },
    "@tensorflow/tfjs-core": {
      "version": "1.5.2",
      "resolved": "https://registry.npmjs.org/@tensorflow/tfjs-core/-/tfjs-core-1.5.2.tgz",
      "integrity": "sha1-33Z1LPfEOYffFUj7aYIJNb2CFdc=",
      "requires": {
        "@types/offscreencanvas": "~2019.3.0",
        "@types/seedrandom": "2.4.27",
        "@types/webgl-ext": "0.0.30",
        "@types/webgl2": "0.0.4",
        "node-fetch": "~2.1.2",
        "seedrandom": "2.4.3"
      }
    },
    "@tensorflow/tfjs-data": {
      "version": "1.5.2",
      "resolved": "https://registry.npmjs.org/@tensorflow/tfjs-data/-/tfjs-data-1.5.2.tgz",
      "integrity": "sha1-BKWF9x42vaPb/+iESiRooK22Pvo=",
      "requires": {
        "@types/node-fetch": "^2.1.2",
        "node-fetch": "~2.1.2"
      }
    },
    "@tensorflow/tfjs-layers": {
      "version": "1.5.2",
      "resolved": "https://registry.npmjs.org/@tensorflow/tfjs-layers/-/tfjs-layers-1.5.2.tgz",
      "integrity": "sha1-jZLooUYve+a27poeUhfqOiH7wfk="
    },
    "@types/node": {
      "version": "13.7.0",
      "resolved": "https://registry.npmjs.org/@types/node/-/node-13.7.0.tgz",
      "integrity": "sha1-tBfe2hjPhADyeHM0ma1VR+0avsQ="
    },
    "@types/node-fetch": {
      "version": "2.5.4",
      "resolved": "https://registry.npmjs.org/@types/node-fetch/-/node-fetch-2.5.4.tgz",
      "integrity": "sha1-UkW22IQfw6Ygi4IpERm8EcTgzkQ=",
      "requires": {
        "@types/node": "*"
      }
    },
    "@types/offscreencanvas": {
      "version": "2019.3.0",
      "resolved": "https://registry.npmjs.org/@types/offscreencanvas/-/offscreencanvas-2019.3.0.tgz",
      "integrity": "sha1-MzZCjsfpGAz0Vm3+pdoE61hqZVM="
    },
    "@types/seedrandom": {
      "version": "2.4.27",
      "resolved": "https://registry.npmjs.org/@types/seedrandom/-/seedrandom-2.4.27.tgz",
      "integrity": "sha1-nbVjk33YaRX2kJK8QyWdL0hXjkE="
    },
    "@types/webgl-ext": {
      "version": "0.0.30",
      "resolved": "https://registry.npmjs.org/@types/webgl-ext/-/webgl-ext-0.0.30.tgz",
      "integrity": "sha1-DOSYwWpBoj0VKJ4LhE2UWyXw+50="
    },
    "@types/webgl2": {
      "version": "0.0.4",
      "resolved": "https://registry.npmjs.org/@types/webgl2/-/webgl2-0.0.4.tgz",
      "integrity": "sha1-w7D51rRlxmE46E5kyzvfg3PCwnk="
    },
    "atob-lite": {
      "version": "2.0.0",
      "resolved": "https://registry.npmjs.org/atob-lite/-/atob-lite-2.0.0.tgz",
      "integrity": "sha1-D+9a1G8b16hQLGVyfwNn1e5D1pY="
    },
    "audio-buffer": {
      "version": "4.0.4",
      "resolved": "https://registry.npmjs.org/audio-buffer/-/audio-buffer-4.0.4.tgz",
      "integrity": "sha1-zbA4ValRocKTGsHnsAqdnTpNSFg=",
      "requires": {
        "audio-context": "^1.0.0"
      }
    },
    "audio-buffer-from": {
      "version": "1.1.1",
      "resolved": "https://registry.npmjs.org/audio-buffer-from/-/audio-buffer-from-1.1.1.tgz",
      "integrity": "sha1-a6HdDUY84Z57oZ+R9eH3JReNONg=",
      "requires": {
        "audio-buffer": "^4.0.4",
        "audio-context": "^1.0.1",
        "audio-format": "^2.0.0",
        "is-audio-buffer": "^1.0.11",
        "is-plain-obj": "^1.1.0",
        "pcm-convert": "^1.6.0",
        "pick-by-alias": "^1.2.0",
        "string-to-arraybuffer": "^1.0.0"
      }
    },
    "audio-context": {
      "version": "1.0.3",
      "resolved": "https://registry.npmjs.org/audio-context/-/audio-context-1.0.3.tgz",
      "integrity": "sha1-quVjZpGozcFfyRBZcEy8fC+3q/k="
    },
    "audio-decode": {
      "version": "1.4.0",
      "resolved": "https://registry.npmjs.org/audio-decode/-/audio-decode-1.4.0.tgz",
      "integrity": "sha1-cxw+Zt/3HSmWKrtKdITPUWbQaos=",
      "requires": {
        "audio-buffer-from": "^1.1.1",
        "audio-context": "^1.0.1",
        "audio-type": "^1.0.2",
        "av": "^0.4.9",
        "is-buffer": "^1.1.4",
        "mp3": "^0.1.0",
        "to-array-buffer": "^2.0.0",
        "typedarray-to-buffer": "^3.1.2",
        "wav-decoder": "^1.1.0"
      }
    },
    "audio-format": {
      "version": "2.3.2",
      "resolved": "https://registry.npmjs.org/audio-format/-/audio-format-2.3.2.tgz",
      "integrity": "sha1-8j/HOzCMbfuhkE2m1M2cdiFzGr0=",
      "requires": {
        "is-audio-buffer": "^1.0.11",
        "is-buffer": "^1.1.5",
        "is-plain-obj": "^1.1.0",
        "pick-by-alias": "^1.2.0",
        "sample-rate": "^2.0.0"
      }
    },
    "audio-type": {
      "version": "1.0.2",
      "resolved": "https://registry.npmjs.org/audio-type/-/audio-type-1.0.2.tgz",
      "integrity": "sha1-n6tWsVc0o35Wwh72/624FhivD8A=",
      "requires": {
        "is-flac": "^1.1.0",
        "is-m4a": "^1.1.0",
        "is-mp3": "^1.1.0",
        "is-ogg": "^1.1.0",
        "is-wav": "^1.1.0",
        "read-chunk": "^2.0.0"
      }
    },
    "av": {
      "version": "0.4.9",
      "resolved": "https://registry.npmjs.org/av/-/av-0.4.9.tgz",
      "integrity": "sha1-jHFl9zlYClQeyVBxQjSSs//cbiA=",
      "requires": {
        "coffeeify": "^0.6.0",
        "speaker": "^0.3.0"
      }
    },
    "bindings": {
      "version": "1.5.0",
      "resolved": "https://registry.npmjs.org/bindings/-/bindings-1.5.0.tgz",
      "integrity": "sha512-p2q/t/mhvuOj/UeLlV6566GD/guowlr0hHxClI0W9m7MWYkL1F0hLo+0Aexs9HSPCtR1SXQ0TD3MMKrXZajbiQ==",
      "optional": true,
      "requires": {
        "file-uri-to-path": "1.0.0"
      }
    },
    "coffee-script": {
      "version": "1.7.1",
      "resolved": "https://registry.npmjs.org/coffee-script/-/coffee-script-1.7.1.tgz",
      "integrity": "sha1-YplqhheAx15tUGnROCJyO3NAS/w=",
      "requires": {
        "mkdirp": "~0.3.5"
      }
    },
    "coffeeify": {
      "version": "0.6.0",
      "resolved": "https://registry.npmjs.org/coffeeify/-/coffeeify-0.6.0.tgz",
      "integrity": "sha1-dcq6my6Sx4NskkZciDtqzJ2JRlI=",
      "requires": {
        "coffee-script": "~1.7.0",
        "convert-source-map": "~0.3.3",
        "through": "~2.3.4"
      }
    },
    "convert-source-map": {
      "version": "0.3.5",
      "resolved": "https://registry.npmjs.org/convert-source-map/-/convert-source-map-0.3.5.tgz",
      "integrity": "sha1-8dgClQr33SYxof6+BZZVDIarMZA="
    },
    "core-util-is": {
      "version": "1.0.2",
      "resolved": "https://registry.npmjs.org/core-util-is/-/core-util-is-1.0.2.tgz",
      "integrity": "sha1-tf1UIgqivFq1eqtxQMlAdUUDwac=",
      "optional": true
    },
    "debug": {
      "version": "2.6.9",
      "resolved": "https://registry.npmjs.org/debug/-/debug-2.6.9.tgz",
      "integrity": "sha512-bC7ElrdJaJnPbAP+1EotYvqZsb3ecl5wi6Bfi6BJTUcNowp6cvspg0jXznRTKDjm/E7AdgFBVeAPVMNcKGsHMA==",
      "optional": true,
      "requires": {
        "ms": "2.0.0"
      }
    },
    "dtype": {
      "version": "2.0.0",
      "resolved": "https://registry.npmjs.org/dtype/-/dtype-2.0.0.tgz",
      "integrity": "sha1-zQUjI84GFETs0uj1dI9popvihDQ="
    },
    "file-uri-to-path": {
      "version": "1.0.0",
      "resolved": "https://registry.npmjs.org/file-uri-to-path/-/file-uri-to-path-1.0.0.tgz",
      "integrity": "sha512-0Zt+s3L7Vf1biwWZ29aARiVYLx7iMGnEUl9x33fbB/j3jR81u/O2LbqK+Bm1CDSNDKVtJ/YjwY7TUd5SkeLQLw==",
      "optional": true
    },
    "flatten-vertex-data": {
      "version": "1.0.2",
      "resolved": "https://registry.npmjs.org/flatten-vertex-data/-/flatten-vertex-data-1.0.2.tgz",
      "integrity": "sha1-iJ/WC+pQYAbKM5Ve4RBRdftiAhk=",
      "requires": {
        "dtype": "^2.0.0"
      }
    },
    "fs-extra": {
      "version": "8.1.0",
      "resolved": "https://registry.npmjs.org/fs-extra/-/fs-extra-8.1.0.tgz",
      "integrity": "sha1-SdQ8RaiM2Wd2aMt74bRu/bjS4cA=",
      "requires": {
        "graceful-fs": "^4.2.0",
        "jsonfile": "^4.0.0",
        "universalify": "^0.1.0"
      }
    },
    "graceful-fs": {
      "version": "4.2.3",
      "resolved": "https://registry.npmjs.org/graceful-fs/-/graceful-fs-4.2.3.tgz",
      "integrity": "sha1-ShL/G2A3bvCYYsIJPt2Qgyi+hCM="
    },
    "inherits": {
      "version": "2.0.4",
      "resolved": "https://registry.npmjs.org/inherits/-/inherits-2.0.4.tgz",
      "integrity": "sha512-k/vGaX4/Yla3WzyMCvTQOXYeIHvqOKtnqBduzTHpzpQZzAskKMhZ2K+EnBiSM9zGSoIFeMpXKxa4dYeZIQqewQ==",
      "optional": true
    },
    "is-audio-buffer": {
      "version": "1.1.0",
      "resolved": "https://registry.npmjs.org/is-audio-buffer/-/is-audio-buffer-1.1.0.tgz",
      "integrity": "sha1-9MfydNIBgPmT+bFlB2jLd77dRHA="
    },
    "is-base64": {
      "version": "0.1.0",
      "resolved": "https://registry.npmjs.org/is-base64/-/is-base64-0.1.0.tgz",
      "integrity": "sha1-pvIGEMbvSGOlHLoyvAIiVEuTJiI="
    },
    "is-blob": {
      "version": "2.1.0",
      "resolved": "https://registry.npmjs.org/is-blob/-/is-blob-2.1.0.tgz",
      "integrity": "sha1-42zYLJBlPx4bkw8RuvnGQhagU4U="
    },
    "is-buffer": {
      "version": "1.1.6",
      "resolved": "https://registry.npmjs.org/is-buffer/-/is-buffer-1.1.6.tgz",
      "integrity": "sha1-76ouqdqg16suoTqXsritUf776L4="
    },
    "is-flac": {
      "version": "1.1.2",
      "resolved": "https://registry.npmjs.org/is-flac/-/is-flac-1.1.2.tgz",
      "integrity": "sha1-xMWRj6IR5Rt6bpp8x1GAnq6MACw="
    },
    "is-m4a": {
      "version": "1.1.0",
      "resolved": "https://registry.npmjs.org/is-m4a/-/is-m4a-1.1.0.tgz",
      "integrity": "sha1-DxbISzufvx/fjDn4hGhGJk3b3Tw="
    },
    "is-mp3": {
      "version": "1.1.3",
      "resolved": "https://registry.npmjs.org/is-mp3/-/is-mp3-1.1.3.tgz",
      "integrity": "sha1-YqHnPCBgH0bLHxv1klBPk58L1Mg="
    },
    "is-ogg": {
      "version": "1.1.2",
      "resolved": "https://registry.npmjs.org/is-ogg/-/is-ogg-1.1.2.tgz",
      "integrity": "sha1-lWoOAjzntcSE+sDi/0J4NPanZJM="
    },
    "is-plain-obj": {
      "version": "1.1.0",
      "resolved": "https://registry.npmjs.org/is-plain-obj/-/is-plain-obj-1.1.0.tgz",
      "integrity": "sha1-caUMhCnfync8kqOQpKA7OfzVHT4="
    },
    "is-typedarray": {
      "version": "1.0.0",
      "resolved": "https://registry.npmjs.org/is-typedarray/-/is-typedarray-1.0.0.tgz",
      "integrity": "sha1-5HnICFjfDBsR3dppQPlgEfzaSpo="
    },
    "is-wav": {
      "version": "1.1.2",
      "resolved": "https://registry.npmjs.org/is-wav/-/is-wav-1.1.2.tgz",
      "integrity": "sha1-2crM81WoNNf1uCjwCYEdCX1UBQ4="
    },
    "isarray": {
      "version": "1.0.0",
      "resolved": "https://registry.npmjs.org/isarray/-/isarray-1.0.0.tgz",
      "integrity": "sha1-u5NdSFgsuhaMBoNJV6VKPgcSTxE=",
      "optional": true
    },
    "jsonfile": {
      "version": "4.0.0",
      "resolved": "https://registry.npmjs.org/jsonfile/-/jsonfile-4.0.0.tgz",
      "integrity": "sha1-h3Gq4HmbZAdrdmQPygWPnBDjPss=",
      "requires": {
        "graceful-fs": "^4.1.6"
      }
    },
    "mkdirp": {
      "version": "0.3.5",
      "resolved": "https://registry.npmjs.org/mkdirp/-/mkdirp-0.3.5.tgz",
      "integrity": "sha1-3j5fiWHIjHh+4TaN+EmsRBPsqNc="
    },
    "mp3": {
      "version": "0.1.0",
      "resolved": "https://registry.npmjs.org/mp3/-/mp3-0.1.0.tgz",
      "integrity": "sha1-5T5HI+NGmO4//dzbYL+INWpJEME="
    },
    "ms": {
      "version": "2.0.0",
      "resolved": "https://registry.npmjs.org/ms/-/ms-2.0.0.tgz",
      "integrity": "sha1-VgiurfwAvmwpAd9fmGF4jeDVl8g=",
      "optional": true
    },
    "nan": {
      "version": "2.14.0",
      "resolved": "https://registry.npmjs.org/nan/-/nan-2.14.0.tgz",
      "integrity": "sha512-INOFj37C7k3AfaNTtX8RhsTw7qRy7eLET14cROi9+5HAVbbHuIWUHEauBv5qT4Av2tWasiTY1Jw6puUNqRJXQg==",
      "optional": true
    },
    "node-fetch": {
      "version": "2.1.2",
      "resolved": "https://registry.npmjs.org/node-fetch/-/node-fetch-2.1.2.tgz",
      "integrity": "sha1-q4hOjn5X44qUR1POxwb3iNF2i7U="
    },
    "object-assign": {
      "version": "4.1.1",
      "resolved": "https://registry.npmjs.org/object-assign/-/object-assign-4.1.1.tgz",
      "integrity": "sha1-IQmtx5ZYh8/AXLvUQsrIv7s2CGM="
    },
    "pcm-convert": {
      "version": "1.6.5",
      "resolved": "https://registry.npmjs.org/pcm-convert/-/pcm-convert-1.6.5.tgz",
      "integrity": "sha1-gbXy0ML7OG7bi59pziN04JOut8w=",
      "requires": {
        "audio-format": "^2.3.2",
        "is-audio-buffer": "^1.0.11",
        "is-buffer": "^1.1.5",
        "object-assign": "^4.1.1"
      }
    },
    "pick-by-alias": {
      "version": "1.2.0",
      "resolved": "https://registry.npmjs.org/pick-by-alias/-/pick-by-alias-1.2.0.tgz",
      "integrity": "sha1-X3yysfIabh6ISgyHhVqko3NhEHs="
    },
    "pify": {
      "version": "3.0.0",
      "resolved": "https://registry.npmjs.org/pify/-/pify-3.0.0.tgz",
      "integrity": "sha1-5aSs0sEB/fPZpNB/DbxNtJ3SgXY="
    },
    "process-nextick-args": {
      "version": "2.0.1",
      "resolved": "https://registry.npmjs.org/process-nextick-args/-/process-nextick-args-2.0.1.tgz",
      "integrity": "sha512-3ouUOpQhtgrbOa17J7+uxOTpITYWaGP7/AhoR3+A+/1e9skrzelGi/dXzEYyvbxubEF6Wn2ypscTKiKJFFn1ag==",
      "optional": true
    },
    "read-chunk": {
      "version": "2.1.0",
      "resolved": "https://registry.npmjs.org/read-chunk/-/read-chunk-2.1.0.tgz",
      "integrity": "sha1-agTAkoAF7Z1C4aasVgDhnLx/9lU=",
      "requires": {
        "pify": "^3.0.0",
        "safe-buffer": "^5.1.1"
      }
    },
    "readable-stream": {
      "version": "2.3.7",
      "resolved": "https://registry.npmjs.org/readable-stream/-/readable-stream-2.3.7.tgz",
      "integrity": "sha512-Ebho8K4jIbHAxnuxi7o42OrZgF/ZTNcsZj6nRKyUmkhLFq8CHItp/fy6hQZuZmP/n3yZ9VBUbp4zz/mX8hmYPw==",
      "optional": true,
      "requires": {
        "core-util-is": "~1.0.0",
        "inherits": "~2.0.3",
        "isarray": "~1.0.0",
        "process-nextick-args": "~2.0.0",
        "safe-buffer": "~5.1.1",
        "string_decoder": "~1.1.1",
        "util-deprecate": "~1.0.1"
      },
      "dependencies": {
        "safe-buffer": {
          "version": "5.1.2",
          "resolved": "https://registry.npmjs.org/safe-buffer/-/safe-buffer-5.1.2.tgz",
          "integrity": "sha512-Gd2UZBJDkXlY7GbJxfsE8/nvKkUEU1G38c1siN6QP6a9PT9MmHB8GnpscSmMJSoF8LOIrt8ud/wPtojys4G6+g==",
          "optional": true
        }
      }
    },
    "safe-buffer": {
      "version": "5.2.0",
      "resolved": "https://registry.npmjs.org/safe-buffer/-/safe-buffer-5.2.0.tgz",
      "integrity": "sha1-t02uxJsRSPiMZLaNSbHoFcHy9Rk="
    },
    "sample-rate": {
      "version": "2.0.1",
      "resolved": "https://registry.npmjs.org/sample-rate/-/sample-rate-2.0.1.tgz",
      "integrity": "sha1-P1CJaSYrLHKaldTUK3laWzNhC9A="
    },
    "seedrandom": {
      "version": "2.4.3",
      "resolved": "https://registry.npmjs.org/seedrandom/-/seedrandom-2.4.3.tgz",
      "integrity": "sha1-JDhQTa0zkXMUv/GKxNeU8W1qrsw="
    },
    "speaker": {
      "version": "0.3.1",
      "resolved": "https://registry.npmjs.org/speaker/-/speaker-0.3.1.tgz",
      "integrity": "sha512-LEqSy+FHYHPZj4kX8NHylzaOmy+VIqj57enm2GS4B568hj0SdKDYa9jALCGQy43LZa/JmQk1iF0nlMVbS1PfPg==",
      "optional": true,
      "requires": {
        "bindings": "^1.2.1",
        "debug": "^2.2.0",
        "nan": "^2.2.0",
        "readable-stream": "^2.0.5"
      }
    },
    "string-to-arraybuffer": {
      "version": "1.0.2",
      "resolved": "https://registry.npmjs.org/string-to-arraybuffer/-/string-to-arraybuffer-1.0.2.tgz",
      "integrity": "sha1-FhFH+63qAuKLCTUALOxMQPHKfwo=",
      "requires": {
        "atob-lite": "^2.0.0",
        "is-base64": "^0.1.0"
      }
    },
    "string_decoder": {
      "version": "1.1.1",
      "resolved": "https://registry.npmjs.org/string_decoder/-/string_decoder-1.1.1.tgz",
      "integrity": "sha512-n/ShnvDi6FHbbVfviro+WojiFzv+s8MPMHBczVePfUpDJLwoLT0ht1l4YwBCbi8pJAveEEdnkHyPyTP/mzRfwg==",
      "optional": true,
      "requires": {
        "safe-buffer": "~5.1.0"
      },
      "dependencies": {
        "safe-buffer": {
          "version": "5.1.2",
          "resolved": "https://registry.npmjs.org/safe-buffer/-/safe-buffer-5.1.2.tgz",
          "integrity": "sha512-Gd2UZBJDkXlY7GbJxfsE8/nvKkUEU1G38c1siN6QP6a9PT9MmHB8GnpscSmMJSoF8LOIrt8ud/wPtojys4G6+g==",
          "optional": true
        }
      }
    },
    "through": {
      "version": "2.3.8",
      "resolved": "https://registry.npmjs.org/through/-/through-2.3.8.tgz",
      "integrity": "sha1-DdTJ/6q8NXlgsbckEV1+Doai4fU="
    },
    "to-array-buffer": {
      "version": "2.2.2",
      "resolved": "https://registry.npmjs.org/to-array-buffer/-/to-array-buffer-2.2.2.tgz",
      "integrity": "sha1-+dxrWhjyMmNs8VFbfKFG/a+I1EI=",
      "requires": {
        "flatten-vertex-data": "^1.0.2",
        "is-blob": "^2.0.1",
        "string-to-arraybuffer": "^1.0.0"
      }
    },
    "typedarray-to-buffer": {
      "version": "3.1.5",
      "resolved": "https://registry.npmjs.org/typedarray-to-buffer/-/typedarray-to-buffer-3.1.5.tgz",
      "integrity": "sha1-qX7nqf9CaRufeD/xvFES/j/KkIA=",
      "requires": {
        "is-typedarray": "^1.0.0"
      }
    },
    "universalify": {
      "version": "0.1.2",
      "resolved": "https://registry.npmjs.org/universalify/-/universalify-0.1.2.tgz",
      "integrity": "sha1-tkb2m+OULavOzJ1mOcgNwQXvqmY="
    },
    "util-deprecate": {
      "version": "1.0.2",
      "resolved": "https://registry.npmjs.org/util-deprecate/-/util-deprecate-1.0.2.tgz",
      "integrity": "sha1-RQ1Nyfpw3nMnYvvS1KKJgUGaDM8=",
      "optional": true
    },
    "wav-decoder": {
      "version": "1.3.0",
      "resolved": "https://registry.npmjs.org/wav-decoder/-/wav-decoder-1.3.0.tgz",
      "integrity": "sha1-HQv3GV9iNmG9GCRkxDSj6LxC6w4="
    }
  }
}
